# This file is @generated by PDM.
# It is not intended for manual editing.

[metadata]
groups = ["default"]
strategy = ["inherit_metadata"]
lock_version = "4.5.0"
content_hash = "sha256:c7ed4429335d0ccdce2636d5a5d4b76ff30f95633d44ee157952e329480cccbb"

[[metadata.targets]]
requires_python = "==3.8.*"

[[package]]
name = "pycairo"
version = "1.26.1"
requires_python = ">=3.8"
summary = "Python interface for cairo"
groups = ["default"]
files = [
    {file = "pycairo-1.26.1-cp38-cp38-win32.whl", hash = "sha256:27ec7b42c58af35dc11352881262dce4254378b0f11be0959d1c13edb4539d2c"},
    {file = "pycairo-1.26.1-cp38-cp38-win_amd64.whl", hash = "sha256:27357994d277b3fd10a45e9ef58f80a4cb5e3291fe76c5edd58d2d06335eb8e7"},
    {file = "pycairo-1.26.1.tar.gz", hash = "sha256:a11b999ce55b798dbf13516ab038e0ce8b6ec299b208d7c4e767a6f7e68e8430"},
]

[[package]]
name = "pygobject"
version = "3.48.2"
requires_python = "<4,>=3.8"
summary = "Python bindings for GObject Introspection"
groups = ["default"]
dependencies = [
    "pycairo>=1.16",
]
files = [
    {file = "pygobject-3.48.2.tar.gz", hash = "sha256:c3c0a7afbe5b2c1c64dc0530109b4dd571085153dbedfbccb8ec7c5ad233f977"},
]

[[package]]
name = "python3-xlib"
version = "0.15"
summary = "Python3 X Library"
groups = ["default"]
files = [
    {file = "python3-xlib-0.15.tar.gz", hash = "sha256:dc4245f3ae4aa5949c1d112ee4723901ade37a96721ba9645f2bfa56e5b383f8"},
]
